
Microsoft Visual Studio Solution File, Format Version 12.00
# Visual Studio Version 16
VisualStudioVersion = 16.0.30804.86
MinimumVisualStudioVersion = 10.0.40219.1
Project("{FAE04EC0-301F-11D3-BF4B-00C04F79EFBC}") = "Onit_Diana_Lab10.Android", "Onit_Diana_Lab10\Onit_Diana_Lab10.Android\Onit_Diana_Lab10.Android.csproj", "{A7E9C19B-1489-4872-AC19-9F3406ECEA31}"
EndProject
Project("{FAE04EC0-301F-11D3-BF4B-00C04F79EFBC}") = "Onit_Diana_Lab10.iOS", "Onit_Diana_Lab10\Onit_Diana_Lab10.iOS\Onit_Diana_Lab10.iOS.csproj", "{2F47CB37-F602-42A3-B4ED-EC3CF3B5A3C1}"
EndProject
Project("{FAE04EC0-301F-11D3-BF4B-00C04F79EFBC}") = "Onit_Diana_Lab10", "Onit_Diana_Lab10\Onit_Diana_Lab10\Onit_Diana_Lab10.csproj", "{E42D8C25-AA6E-46CE-8E95-C0EBBBF19F1B}"
EndProject
Global
	GlobalSection(SolutionConfigurationPlatforms) = preSolution
		Debug|Any CPU = Debug|Any CPU
		Debug|iPhone = Debug|iPhone
		Debug|iPhoneSimulator = Debug|iPhoneSimulator
		Release|Any CPU = Release|Any CPU
		Release|iPhone = Release|iPhone
		Release|iPhoneSimulator = Release|iPhoneSimulator
	EndGlobalSection
	GlobalSection(ProjectConfigurationPlatforms) = postSolution
		{A7E9C19B-1489-4872-AC19-9F3406ECEA31}.Debug|Any CPU.ActiveCfg = Debug|Any CPU
		{A7E9C19B-1489-4872-AC19-9F3406ECEA31}.Debug|Any CPU.Build.0 = Debug|Any CPU
		{A7E9C19B-1489-4872-AC19-9F3406ECEA31}.Debug|Any CPU.Deploy.0 = Debug|Any CPU
		{A7E9C19B-1489-4872-AC19-9F3406ECEA31}.Debug|iPhone.ActiveCfg = Debug|Any CPU
		{A7E9C19B-1489-4872-AC19-9F3406ECEA31}.Debug|iPhone.Build.0 = Debug|Any CPU
		{A7E9C19B-1489-4872-AC19-9F3406ECEA31}.Debug|iPhone.Deploy.0 = Debug|Any CPU
		{A7E9C19B-1489-4872-AC19-9F3406ECEA31}.Debug|iPhoneSimulator.ActiveCfg = Debug|Any CPU
		{A7E9C19B-1489-4872-AC19-9F3406ECEA31}.Debug|iPhoneSimulator.Build.0 = Debug|Any CPU
		{A7E9C19B-1489-4872-AC19-9F3406ECEA31}.Debug|iPhoneSimulator.Deploy.0 = Debug|Any CPU
		{A7E9C19B-1489-4872-AC19-9F3406ECEA31}.Release|Any CPU.ActiveCfg = Release|Any CPU
		{A7E9C19B-1489-4872-AC19-9F3406ECEA31}.Release|Any CPU.Build.0 = Release|Any CPU
		{A7E9C19B-1489-4872-AC19-9F3406ECEA31}.Release|Any CPU.Deploy.0 = Release|Any CPU
		{A7E9C19B-1489-4872-AC19-9F3406ECEA31}.Release|iPhone.ActiveCfg = Release|Any CPU
		{A7E9C19B-1489-4872-AC19-9F3406ECEA31}.Release|iPhone.Build.0 = Release|Any CPU
		{A7E9C19B-1489-4872-AC19-9F3406ECEA31}.Release|iPhone.Deploy.0 = Release|Any CPU
		{A7E9C19B-1489-4872-AC19-9F3406ECEA31}.Release|iPhoneSimulator.ActiveCfg = Release|Any CPU
		{A7E9C19B-1489-4872-AC19-9F3406ECEA31}.Release|iPhoneSimulator.Build.0 = Release|Any CPU
		{A7E9C19B-1489-4872-AC19-9F3406ECEA31}.Release|iPhoneSimulator.Deploy.0 = Release|Any CPU
		{2F47CB37-F602-42A3-B4ED-EC3CF3B5A3C1}.Debug|Any CPU.ActiveCfg = Debug|iPhone
		{2F47CB37-F602-42A3-B4ED-EC3CF3B5A3C1}.Debug|Any CPU.Build.0 = Debug|iPhone
		{2F47CB37-F602-42A3-B4ED-EC3CF3B5A3C1}.Debug|Any CPU.Deploy.0 = Debug|iPhone
		{2F47CB37-F602-42A3-B4ED-EC3CF3B5A3C1}.Debug|iPhone.ActiveCfg = Debug|iPhone
		{2F47CB37-F602-42A3-B4ED-EC3CF3B5A3C1}.Debug|iPhone.Build.0 = Debug|iPhone
		{2F47CB37-F602-42A3-B4ED-EC3CF3B5A3C1}.Debug|iPhone.Deploy.0 = Debug|iPhone
		{2F47CB37-F602-42A3-B4ED-EC3CF3B5A3C1}.Debug|iPhoneSimulator.ActiveCfg = Debug|iPhoneSimulator
		{2F47CB37-F602-42A3-B4ED-EC3CF3B5A3C1}.Debug|iPhoneSimulator.Build.0 = Debug|iPhoneSimulator
		{2F47CB37-F602-42A3-B4ED-EC3CF3B5A3C1}.Debug|iPhoneSimulator.Deploy.0 = Debug|iPhoneSimulator
		{2F47CB37-F602-42A3-B4ED-EC3CF3B5A3C1}.Release|Any CPU.ActiveCfg = Release|iPhoneSimulator
		{2F47CB37-F602-42A3-B4ED-EC3CF3B5A3C1}.Release|Any CPU.Build.0 = Release|iPhoneSimulator
		{2F47CB37-F602-42A3-B4ED-EC3CF3B5A3C1}.Release|Any CPU.Deploy.0 = Release|iPhoneSimulator
		{2F47CB37-F602-42A3-B4ED-EC3CF3B5A3C1}.Release|iPhone.ActiveCfg = Release|iPhone
		{2F47CB37-F602-42A3-B4ED-EC3CF3B5A3C1}.Release|iPhone.Build.0 = Release|iPhone
		{2F47CB37-F602-42A3-B4ED-EC3CF3B5A3C1}.Release|iPhone.Deploy.0 = Release|iPhone
		{2F47CB37-F602-42A3-B4ED-EC3CF3B5A3C1}.Release|iPhoneSimulator.ActiveCfg = Release|iPhoneSimulator
		{2F47CB37-F602-42A3-B4ED-EC3CF3B5A3C1}.Release|iPhoneSimulator.Build.0 = Release|iPhoneSimulator
		{2F47CB37-F602-42A3-B4ED-EC3CF3B5A3C1}.Release|iPhoneSimulator.Deploy.0 = Release|iPhoneSimulator
		{E42D8C25-AA6E-46CE-8E95-C0EBBBF19F1B}.Debug|Any CPU.ActiveCfg = Debug|Any CPU
		{E42D8C25-AA6E-46CE-8E95-C0EBBBF19F1B}.Debug|Any CPU.Build.0 = Debug|Any CPU
		{E42D8C25-AA6E-46CE-8E95-C0EBBBF19F1B}.Debug|Any CPU.Deploy.0 = Debug|Any CPU
		{E42D8C25-AA6E-46CE-8E95-C0EBBBF19F1B}.Debug|iPhone.ActiveCfg = Debug|Any CPU
		{E42D8C25-AA6E-46CE-8E95-C0EBBBF19F1B}.Debug|iPhone.Build.0 = Debug|Any CPU
		{E42D8C25-AA6E-46CE-8E95-C0EBBBF19F1B}.Debug|iPhone.Deploy.0 = Debug|Any CPU
		{E42D8C25-AA6E-46CE-8E95-C0EBBBF19F1B}.Debug|iPhoneSimulator.ActiveCfg = Debug|Any CPU
		{E42D8C25-AA6E-46CE-8E95-C0EBBBF19F1B}.Debug|iPhoneSimulator.Build.0 = Debug|Any CPU
		{E42D8C25-AA6E-46CE-8E95-C0EBBBF19F1B}.Debug|iPhoneSimulator.Deploy.0 = Debug|Any CPU
		{E42D8C25-AA6E-46CE-8E95-C0EBBBF19F1B}.Release|Any CPU.ActiveCfg = Release|Any CPU
		{E42D8C25-AA6E-46CE-8E95-C0EBBBF19F1B}.Release|Any CPU.Build.0 = Release|Any CPU
		{E42D8C25-AA6E-46CE-8E95-C0EBBBF19F1B}.Release|Any CPU.Deploy.0 = Release|Any CPU
		{E42D8C25-AA6E-46CE-8E95-C0EBBBF19F1B}.Release|iPhone.ActiveCfg = Release|Any CPU
		{E42D8C25-AA6E-46CE-8E95-C0EBBBF19F1B}.Release|iPhone.Build.0 = Release|Any CPU
		{E42D8C25-AA6E-46CE-8E95-C0EBBBF19F1B}.Release|iPhone.Deploy.0 = Release|Any CPU
		{E42D8C25-AA6E-46CE-8E95-C0EBBBF19F1B}.Release|iPhoneSimulator.ActiveCfg = Release|Any CPU
		{E42D8C25-AA6E-46CE-8E95-C0EBBBF19F1B}.Release|iPhoneSimulator.Build.0 = Release|Any CPU
		{E42D8C25-AA6E-46CE-8E95-C0EBBBF19F1B}.Release|iPhoneSimulator.Deploy.0 = Release|Any CPU
	EndGlobalSection
	GlobalSection(SolutionProperties) = preSolution
		HideSolutionNode = FALSE
	EndGlobalSection
	GlobalSection(ExtensibilityGlobals) = postSolution
		SolutionGuid = {F0EF8CCC-3C38-437E-9342-26A9ECE3AE53}
	EndGlobalSection
EndGlobal
